
Microsoft Visual Studio Solution File, Format Version 12.00
# Visual Studio Version 17
VisualStudioVersion = 17.5.2.0
MinimumVisualStudioVersion = 10.0.40219.1
Project("{2150E333-8FDC-42A3-9474-1A3956D46DE8}") = "src", "src", "{827E0CD3-B72D-47B6-A68D-7590B98EB39B}"
EndProject
Project("{FAE04EC0-301F-11D3-BF4B-00C04F79EFBC}") = "OrchidApp.Web", "src\OrchidApp.Web\OrchidApp.Web.csproj", "{7DE43A21-C9AB-F293-C20D-689A23049607}"
EndProject
Project("{FAE04EC0-301F-11D3-BF4B-00C04F79EFBC}") = "OrchidApp.Launcher", "src\OrchidApp.Launcher\OrchidApp.Launcher.csproj", "{F64AD4BA-B16D-4FBB-9620-19CC2A4C6A9F}"
EndProject
Global
	GlobalSection(SolutionConfigurationPlatforms) = preSolution
		Debug|Any CPU = Debug|Any CPU
		Debug|x64 = Debug|x64
		Debug|x86 = Debug|x86
		Release|Any CPU = Release|Any CPU
		Release|x64 = Release|x64
		Release|x86 = Release|x86
	EndGlobalSection
	GlobalSection(ProjectConfigurationPlatforms) = postSolution
		{7DE43A21-C9AB-F293-C20D-689A23049607}.Debug|Any CPU.ActiveCfg = Debug|Any CPU
		{7DE43A21-C9AB-F293-C20D-689A23049607}.Debug|Any CPU.Build.0 = Debug|Any CPU
		{7DE43A21-C9AB-F293-C20D-689A23049607}.Debug|x64.ActiveCfg = Debug|Any CPU
		{7DE43A21-C9AB-F293-C20D-689A23049607}.Debug|x64.Build.0 = Debug|Any CPU
		{7DE43A21-C9AB-F293-C20D-689A23049607}.Debug|x86.ActiveCfg = Debug|Any CPU
		{7DE43A21-C9AB-F293-C20D-689A23049607}.Debug|x86.Build.0 = Debug|Any CPU
		{7DE43A21-C9AB-F293-C20D-689A23049607}.Release|Any CPU.ActiveCfg = Release|Any CPU
		{7DE43A21-C9AB-F293-C20D-689A23049607}.Release|Any CPU.Build.0 = Release|Any CPU
		{7DE43A21-C9AB-F293-C20D-689A23049607}.Release|x64.ActiveCfg = Release|Any CPU
		{7DE43A21-C9AB-F293-C20D-689A23049607}.Release|x64.Build.0 = Release|Any CPU
		{7DE43A21-C9AB-F293-C20D-689A23049607}.Release|x86.ActiveCfg = Release|Any CPU
		{7DE43A21-C9AB-F293-C20D-689A23049607}.Release|x86.Build.0 = Release|Any CPU
		{F64AD4BA-B16D-4FBB-9620-19CC2A4C6A9F}.Debug|Any CPU.ActiveCfg = Debug|Any CPU
		{F64AD4BA-B16D-4FBB-9620-19CC2A4C6A9F}.Debug|Any CPU.Build.0 = Debug|Any CPU
		{F64AD4BA-B16D-4FBB-9620-19CC2A4C6A9F}.Debug|x64.ActiveCfg = Debug|Any CPU
		{F64AD4BA-B16D-4FBB-9620-19CC2A4C6A9F}.Debug|x64.Build.0 = Debug|Any CPU
		{F64AD4BA-B16D-4FBB-9620-19CC2A4C6A9F}.Debug|x86.ActiveCfg = Debug|Any CPU
		{F64AD4BA-B16D-4FBB-9620-19CC2A4C6A9F}.Debug|x86.Build.0 = Debug|Any CPU
		{F64AD4BA-B16D-4FBB-9620-19CC2A4C6A9F}.Release|Any CPU.ActiveCfg = Release|Any CPU
		{F64AD4BA-B16D-4FBB-9620-19CC2A4C6A9F}.Release|Any CPU.Build.0 = Release|Any CPU
		{F64AD4BA-B16D-4FBB-9620-19CC2A4C6A9F}.Release|x64.ActiveCfg = Release|Any CPU
		{F64AD4BA-B16D-4FBB-9620-19CC2A4C6A9F}.Release|x64.Build.0 = Release|Any CPU
		{F64AD4BA-B16D-4FBB-9620-19CC2A4C6A9F}.Release|x86.ActiveCfg = Release|Any CPU
		{F64AD4BA-B16D-4FBB-9620-19CC2A4C6A9F}.Release|x86.Build.0 = Release|Any CPU
	EndGlobalSection
	GlobalSection(SolutionProperties) = preSolution
		HideSolutionNode = FALSE
	EndGlobalSection
	GlobalSection(NestedProjects) = preSolution
		{7DE43A21-C9AB-F293-C20D-689A23049607} = {827E0CD3-B72D-47B6-A68D-7590B98EB39B}
	EndGlobalSection
	GlobalSection(ExtensibilityGlobals) = postSolution
		SolutionGuid = {30351A89-7870-4789-B7EF-357D7706292C}
	EndGlobalSection
EndGlobal
